<Solution>
  <Folder Name="/Database/">
    <File Path="create db.sql" />
    <File Path="user features.sql" />
  </Folder>
  <Folder Name="/Solution Items/">
    <File Path=".editorconfig" />
  </Folder>
  <Project Path="Application/Application.csproj" />
  <Project Path="Domain/Domain.csproj" Id="59d1402d-cb45-4456-bf43-9ffdca267e07" />
  <Project Path="Infrastructure/Infrastructure.csproj" Id="e074b5e6-857a-4181-b9bf-b4db5cc2584c" />
  <Project Path="UserAPI/UserAPI.csproj" />
</Solution>
